
Microsoft Visual Studio Solution File, Format Version 12.00
# Visual Studio Version 17
VisualStudioVersion = 17.7.34024.191
MinimumVisualStudioVersion = 10.0.40219.1
Project("{8BC9CEB8-8B4A-11D0-8D11-00A0C91BC942}") = "my20_3", "my20_3\my20_3.vcxproj", "{5E71F623-0B3D-4321-AC69-AD781E6CDBA1}"
EndProject
Global
	GlobalSection(SolutionConfigurationPlatforms) = preSolution
		Debug|x64 = Debug|x64
		Debug|x86 = Debug|x86
		Release|x64 = Release|x64
		Release|x86 = Release|x86
	EndGlobalSection
	GlobalSection(ProjectConfigurationPlatforms) = postSolution
		{5E71F623-0B3D-4321-AC69-AD781E6CDBA1}.Debug|x64.ActiveCfg = Debug|x64
		{5E71F623-0B3D-4321-AC69-AD781E6CDBA1}.Debug|x64.Build.0 = Debug|x64
		{5E71F623-0B3D-4321-AC69-AD781E6CDBA1}.Debug|x86.ActiveCfg = Debug|Win32
		{5E71F623-0B3D-4321-AC69-AD781E6CDBA1}.Debug|x86.Build.0 = Debug|Win32
		{5E71F623-0B3D-4321-AC69-AD781E6CDBA1}.Release|x64.ActiveCfg = Release|x64
		{5E71F623-0B3D-4321-AC69-AD781E6CDBA1}.Release|x64.Build.0 = Release|x64
		{5E71F623-0B3D-4321-AC69-AD781E6CDBA1}.Release|x86.ActiveCfg = Release|Win32
		{5E71F623-0B3D-4321-AC69-AD781E6CDBA1}.Release|x86.Build.0 = Release|Win32
	EndGlobalSection
	GlobalSection(SolutionProperties) = preSolution
		HideSolutionNode = FALSE
	EndGlobalSection
	GlobalSection(ExtensibilityGlobals) = postSolution
		SolutionGuid = {2968C7E1-24D6-4A6E-B391-ED5120FB0E6E}
	EndGlobalSection
EndGlobal
